
Microsoft Visual Studio Solution File, Format Version 12.00
# Visual Studio Version 16
VisualStudioVersion = 16.0.32602.291
MinimumVisualStudioVersion = 10.0.40219.1
Project("{FAE04EC0-301F-11D3-BF4B-00C04F79EFBC}") = "ConsoleApp1", "ConsoleApp1\ConsoleApp1.csproj", "{E8B38B13-B3B3-4012-9516-6E26E0318542}"
EndProject
Global
	GlobalSection(SolutionConfigurationPlatforms) = preSolution
		Debug|Any CPU = Debug|Any CPU
		Release|Any CPU = Release|Any CPU
	EndGlobalSection
	GlobalSection(ProjectConfigurationPlatforms) = postSolution
		{E8B38B13-B3B3-4012-9516-6E26E0318542}.Debug|Any CPU.ActiveCfg = Debug|Any CPU
		{E8B38B13-B3B3-4012-9516-6E26E0318542}.Debug|Any CPU.Build.0 = Debug|Any CPU
		{E8B38B13-B3B3-4012-9516-6E26E0318542}.Release|Any CPU.ActiveCfg = Release|Any CPU
		{E8B38B13-B3B3-4012-9516-6E26E0318542}.Release|Any CPU.Build.0 = Release|Any CPU
	EndGlobalSection
	GlobalSection(SolutionProperties) = preSolution
		HideSolutionNode = FALSE
	EndGlobalSection
	GlobalSection(ExtensibilityGlobals) = postSolution
		SolutionGuid = {53807676-16FE-4056-9B1C-72A50BF9FBCC}
	EndGlobalSection
EndGlobal
